<?xml version="1.0" encoding="utf-8"?>
<Project ToolsVersion="4.0" xmlns="http://schemas.microsoft.com/developer/msbuild/2003">
  <ItemGroup>
    <ClCompile Include="AssemblyInfo.cpp" />
    <ClCompile Include="Online_Exam.cpp" />
    <ClCompile Include="stdafx.cpp" />
    <ClCompile Include="GlobalSuppressions.cpp" />
  </ItemGroup>
  <ItemGroup>
    <ClInclude Include="Database.h" />
    <ClInclude Include="ProfForm.h" />
    <ClInclude Include="ProfProfile.h" />
    <ClInclude Include="resource.h" />
    <ClInclude Include="stdafx.h" />
    <ClInclude Include="StudentForm.h" />
    <ClInclude Include="StudentProfile.h" />
    <ClInclude Include="GlobalVar.h" />
    <ClInclude Include="StudentEditProfile.h" />
    <ClInclude Include="ProfEditProfile.h" />
    <ClInclude Include="CreateGroup.h" />
    <ClInclude Include="CreateExam.h" />
    <ClInclude Include="AddQuestions.h" />
    <ClInclude Include="Signup.h" />
    <ClInclude Include="signup_student.h" />
    <ClInclude Include="prof_signup.h" />
    <ClInclude Include="GroupEnroll.h" />
    <ClInclude Include="Unenroll.h" />
    <ClInclude Include="Login.h" />
    <ClInclude Include="Encryption.h" />
    <ClInclude Include="UpcomingTests.h" />
    <ClInclude Include="PastTestsSet.h" />
    <ClInclude Include="AdminForm.h" />
    <ClInclude Include="ApproveProf.h" />
    <ClInclude Include="StudentEditAdmin.h" />
    <ClInclude Include="Leaderboard.h" />
    <ClInclude Include="ExamList.h" />
    <ClInclude Include="Questions.h" />
    <ClInclude Include="json.h" />
    <ClInclude Include="ExamPaper.h" />
    <ClInclude Include="PastTest.h" />
    <ClInclude Include="NewPass.h" />
    <ClInclude Include="QuestionStructure.h" />
    <ClInclude Include="displayAnswer.h" />
    <ClInclude Include="Instructions.h" />
    <ClInclude Include="ChangePassword.h" />
    <ClInclude Include="Form1.h" />
    <ClInclude Include="charts.h" />
    <ClInclude Include="sectionAnalysis.h" />
    <ClInclude Include="PieChartAnalysis.h" />
  </ItemGroup>
  <ItemGroup>
    <ResourceCompile Include="app.rc" />
  </ItemGroup>
  <ItemGroup>
    <EmbeddedResource Include="ProfForm.resx" />
    <EmbeddedResource Include="ProfProfile.resx" />
    <EmbeddedResource Include="StudentForm.resx" />
    <EmbeddedResource Include="StudentProfile.resx" />
    <EmbeddedResource Include="StudentEditProfile.resx" />
    <EmbeddedResource Include="CreateExam.resx" />
    <EmbeddedResource Include="CreateGroup.resx" />
    <EmbeddedResource Include="ProfEditProfile.resx" />
    <EmbeddedResource Include="GroupEnroll.resx" />
    <EmbeddedResource Include="Login.resx" />
    <EmbeddedResource Include="prof_signup.resx" />
    <EmbeddedResource Include="Signup.resx" />
    <EmbeddedResource Include="signup_student.resx" />
    <EmbeddedResource Include="Unenroll.resx" />
    <EmbeddedResource Include="AddQuestions.resx" />
    <EmbeddedResource Include="UpcomingTests.resx" />
    <EmbeddedResource Include="AdminForm.resx" />
    <EmbeddedResource Include="ApproveProf.resx" />
    <EmbeddedResource Include="StudentEditAdmin.resx" />
    <EmbeddedResource Include="AddQuestions.resx" />
    <EmbeddedResource Include="PastTestsSet.resx" />
    <EmbeddedResource Include="StudentEditAdmin.resx" />
    <EmbeddedResource Include="ExamPaper.resx" />
    <EmbeddedResource Include="displayAnswer.resx" />
    <EmbeddedResource Include="Instructions.resx" />
    <EmbeddedResource Include="ChangePassword.resx" />
    <EmbeddedResource Include="PastTest.resx" />
    <EmbeddedResource Include="ExamList.resx" />
    <EmbeddedResource Include="Form1.resX" />
    <EmbeddedResource Include="Leaderboard.resx" />
    <EmbeddedResource Include="charts.resx" />
    <EmbeddedResource Include="sectionAnalysis.resx" />
    <EmbeddedResource Include="PieChartAnalysis.resx" />
  </ItemGroup>
  <ItemGroup>
    <None Include="app.ico" />
    <None Include="ReadMe.txt" />
  </ItemGroup>
  <ItemGroup>
    <Image Include="..\..\..\Logo\logo_medium.png" />
    <Image Include="..\..\..\iitg.png" />
  </ItemGroup>
</Project>